
Microsoft Visual Studio Solution File, Format Version 12.00
# Visual Studio Version 17
VisualStudioVersion = 17.6.33815.320
MinimumVisualStudioVersion = 10.0.40219.1
Project("{FAE04EC0-301F-11D3-BF4B-00C04F79EFBC}") = "Vikela Auto Heavy PPO Fitment Capturing System", "Vikela Auto Heavy PPO Fitment Capturing System.csproj", "{F64631A9-41FD-43A6-AACF-AF3FDD8C3805}"
EndProject
Global
	GlobalSection(SolutionConfigurationPlatforms) = preSolution
		Debug|Any CPU = Debug|Any CPU
		Release|Any CPU = Release|Any CPU
	EndGlobalSection
	GlobalSection(ProjectConfigurationPlatforms) = postSolution
		{F64631A9-41FD-43A6-AACF-AF3FDD8C3805}.Debug|Any CPU.ActiveCfg = Debug|Any CPU
		{F64631A9-41FD-43A6-AACF-AF3FDD8C3805}.Debug|Any CPU.Build.0 = Debug|Any CPU
		{F64631A9-41FD-43A6-AACF-AF3FDD8C3805}.Release|Any CPU.ActiveCfg = Release|Any CPU
		{F64631A9-41FD-43A6-AACF-AF3FDD8C3805}.Release|Any CPU.Build.0 = Release|Any CPU
	EndGlobalSection
	GlobalSection(SolutionProperties) = preSolution
		HideSolutionNode = FALSE
	EndGlobalSection
	GlobalSection(ExtensibilityGlobals) = postSolution
		SolutionGuid = {472C73AA-EEC4-455D-8FBC-4F93BC7B8E04}
	EndGlobalSection
EndGlobal
